
Microsoft Visual Studio Solution File, Format Version 12.00
# Visual Studio Version 16
VisualStudioVersion = 16.0.33423.256
MinimumVisualStudioVersion = 10.0.40219.1
Project("{FAE04EC0-301F-11D3-BF4B-00C04F79EFBC}") = "WindowsFormsApp1", "WindowsFormsApp1\WindowsFormsApp1.csproj", "{BAA833C2-0B85-48A4-938B-2907C85D63BD}"
EndProject
Global
	GlobalSection(SolutionConfigurationPlatforms) = preSolution
		Debug|Any CPU = Debug|Any CPU
		Release|Any CPU = Release|Any CPU
	EndGlobalSection
	GlobalSection(ProjectConfigurationPlatforms) = postSolution
		{BAA833C2-0B85-48A4-938B-2907C85D63BD}.Debug|Any CPU.ActiveCfg = Debug|Any CPU
		{BAA833C2-0B85-48A4-938B-2907C85D63BD}.Debug|Any CPU.Build.0 = Debug|Any CPU
		{BAA833C2-0B85-48A4-938B-2907C85D63BD}.Release|Any CPU.ActiveCfg = Release|Any CPU
		{BAA833C2-0B85-48A4-938B-2907C85D63BD}.Release|Any CPU.Build.0 = Release|Any CPU
	EndGlobalSection
	GlobalSection(SolutionProperties) = preSolution
		HideSolutionNode = FALSE
	EndGlobalSection
	GlobalSection(ExtensibilityGlobals) = postSolution
		SolutionGuid = {42695ED0-F7DB-47F9-9A43-918839B2EBD3}
	EndGlobalSection
EndGlobal
